
Microsoft Visual Studio Solution File, Format Version 12.00
# Visual Studio Version 16
VisualStudioVersion = 16.0.33328.57
MinimumVisualStudioVersion = 10.0.40219.1
Project("{FAE04EC0-301F-11D3-BF4B-00C04F79EFBC}") = "ConsoleAppAssignment1", "ConsoleAppAssignment1\ConsoleAppAssignment1.csproj", "{5AF62E68-58E9-49F9-9CC0-4F01F8F0C5DE}"
EndProject
Global
	GlobalSection(SolutionConfigurationPlatforms) = preSolution
		Debug|Any CPU = Debug|Any CPU
		Release|Any CPU = Release|Any CPU
	EndGlobalSection
	GlobalSection(ProjectConfigurationPlatforms) = postSolution
		{5AF62E68-58E9-49F9-9CC0-4F01F8F0C5DE}.Debug|Any CPU.ActiveCfg = Debug|Any CPU
		{5AF62E68-58E9-49F9-9CC0-4F01F8F0C5DE}.Debug|Any CPU.Build.0 = Debug|Any CPU
		{5AF62E68-58E9-49F9-9CC0-4F01F8F0C5DE}.Release|Any CPU.ActiveCfg = Release|Any CPU
		{5AF62E68-58E9-49F9-9CC0-4F01F8F0C5DE}.Release|Any CPU.Build.0 = Release|Any CPU
	EndGlobalSection
	GlobalSection(SolutionProperties) = preSolution
		HideSolutionNode = FALSE
	EndGlobalSection
	GlobalSection(ExtensibilityGlobals) = postSolution
		SolutionGuid = {92CAAC71-4C09-4F8B-84EC-9011EFE21D00}
	EndGlobalSection
EndGlobal
